// !$*UTF8*$!
{
	archiveVersion = 1;
	classes = {
	};
	objectVersion = 56;
	objects = {

/* Begin PBXBuildFile section */
		F45F193D2CFA27F000AE899E /* OOP_Smart_HomeApp.swift in Sources */ = {isa = PBXBuildFile; fileRef = F45F193C2CFA27F000AE899E /* OOP_Smart_HomeApp.swift */; };
		F45F193F2CFA27F000AE899E /* ContentView.swift in Sources */ = {isa = PBXBuildFile; fileRef = F45F193E2CFA27F000AE899E /* ContentView.swift */; };
		F45F19412CFA27F300AE899E /* Assets.xcassets in Resources */ = {isa = PBXBuildFile; fileRef = F45F19402CFA27F300AE899E /* Assets.xcassets */; };
		F45F19452CFA27F300AE899E /* Preview Assets.xcassets in Resources */ = {isa = PBXBuildFile; fileRef = F45F19442CFA27F300AE899E /* Preview Assets.xcassets */; };
		F45F194F2CFA27F300AE899E /* OOP_Smart_HomeTests.swift in Sources */ = {isa = PBXBuildFile; fileRef = F45F194E2CFA27F300AE899E /* OOP_Smart_HomeTests.swift */; };
		F45F19592CFA27F300AE899E /* OOP_Smart_HomeUITests.swift in Sources */ = {isa = PBXBuildFile; fileRef = F45F19582CFA27F300AE899E /* OOP_Smart_HomeUITests.swift */; };
		F45F195B2CFA27F300AE899E /* OOP_Smart_HomeUITestsLaunchTests.swift in Sources */ = {isa = PBXBuildFile; fileRef = F45F195A2CFA27F300AE899E /* OOP_Smart_HomeUITestsLaunchTests.swift */; };
		F45F19682CFA280D00AE899E /* smartDevices.swift in Sources */ = {isa = PBXBuildFile; fileRef = F45F19672CFA280D00AE899E /* smartDevices.swift */; };
/* End PBXBuildFile section */

/* Begin PBXContainerItemProxy section */
		F45F194B2CFA27F300AE899E /* PBXContainerItemProxy */ = {
			isa = PBXContainerItemProxy;
			containerPortal = F45F19312CFA27F000AE899E /* Project object */;
			proxyType = 1;
			remoteGlobalIDString = F45F19382CFA27F000AE899E;
			remoteInfo = "OOP Smart Home";
		};
		F45F19552CFA27F300AE899E /* PBXContainerItemProxy */ = {
			isa = PBXContainerItemProxy;
			containerPortal = F45F19312CFA27F000AE899E /* Project object */;
			proxyType = 1;
			remoteGlobalIDString = F45F19382CFA27F000AE899E;
			remoteInfo = "OOP Smart Home";
		};
/* End PBXContainerItemProxy section */

/* Begin PBXFileReference section */
		F45F19392CFA27F000AE899E /* OOP Smart Home.app */ = {isa = PBXFileReference; explicitFileType = wrapper.application; includeInIndex = 0; path = "OOP Smart Home.app"; sourceTree = BUILT_PRODUCTS_DIR; };
		F45F193C2CFA27F000AE899E /* OOP_Smart_HomeApp.swift */ = {isa = PBXFileReference; lastKnownFileType = sourcecode.swift; path = OOP_Smart_HomeApp.swift; sourceTree = "<group>"; };
		F45F193E2CFA27F000AE899E /* ContentView.swift */ = {isa = PBXFileReference; lastKnownFileType = sourcecode.swift; path = ContentView.swift; sourceTree = "<group>"; };
		F45F19402CFA27F300AE899E /* Assets.xcassets */ = {isa = PBXFileReference; lastKnownFileType = folder.assetcatalog; path = Assets.xcassets; sourceTree = "<group>"; };
		F45F19422CFA27F300AE899E /* OOP_Smart_Home.entitlements */ = {isa = PBXFileReference; lastKnownFileType = text.plist.entitlements; path = OOP_Smart_Home.entitlements; sourceTree = "<group>"; };
		F45F19442CFA27F300AE899E /* Preview Assets.xcassets */ = {isa = PBXFileReference; lastKnownFileType = folder.assetcatalog; path = "Preview Assets.xcassets"; sourceTree = "<group>"; };
		F45F194A2CFA27F300AE899E /* OOP Smart HomeTests.xctest */ = {isa = PBXFileReference; explicitFileType = wrapper.cfbundle; includeInIndex = 0; path = "OOP Smart HomeTests.xctest"; sourceTree = BUILT_PRODUCTS_DIR; };
		F45F194E2CFA27F300AE899E /* OOP_Smart_HomeTests.swift */ = {isa = PBXFileReference; lastKnownFileType = sourcecode.swift; path = OOP_Smart_HomeTests.swift; sourceTree = "<group>"; };
		F45F19542CFA27F300AE899E /* OOP Smart HomeUITests.xctest */ = {isa = PBXFileReference; explicitFileType = wrapper.cfbundle; includeInIndex = 0; path = "OOP Smart HomeUITests.xctest"; sourceTree = BUILT_PRODUCTS_DIR; };
		F45F19582CFA27F300AE899E /* OOP_Smart_HomeUITests.swift */ = {isa = PBXFileReference; lastKnownFileType = sourcecode.swift; path = OOP_Smart_HomeUITests.swift; sourceTree = "<group>"; };
		F45F195A2CFA27F300AE899E /* OOP_Smart_HomeUITestsLaunchTests.swift */ = {isa = PBXFileReference; lastKnownFileType = sourcecode.swift; path = OOP_Smart_HomeUITestsLaunchTests.swift; sourceTree = "<group>"; };
		F45F19672CFA280D00AE899E /* smartDevices.swift */ = {isa = PBXFileReference; lastKnownFileType = sourcecode.swift; path = smartDevices.swift; sourceTree = "<group>"; };
/* End PBXFileReference section */

/* Begin PBXFrameworksBuildPhase section */
		F45F19362CFA27F000AE899E /* Frameworks */ = {
			isa = PBXFrameworksBuildPhase;
			buildActionMask = 2147483647;
			files = (
			);
			runOnlyForDeploymentPostprocessing = 0;
		};
		F45F19472CFA27F300AE899E /* Frameworks */ = {
			isa = PBXFrameworksBuildPhase;
			buildActionMask = 2147483647;
			files = (
			);
			runOnlyForDeploymentPostprocessing = 0;
		};
		F45F19512CFA27F300AE899E /* Frameworks */ = {
			isa = PBXFrameworksBuildPhase;
			buildActionMask = 2147483647;
			files = (
			);
			runOnlyForDeploymentPostprocessing = 0;
		};
/* End PBXFrameworksBuildPhase section */

/* Begin PBXGroup section */
		F45F19302CFA27F000AE899E = {
			isa = PBXGroup;
			children = (
				F45F193B2CFA27F000AE899E /* OOP Smart Home */,
				F45F194D2CFA27F300AE899E /* OOP Smart HomeTests */,
				F45F19572CFA27F300AE899E /* OOP Smart HomeUITests */,
				F45F193A2CFA27F000AE899E /* Products */,
			);
			sourceTree = "<group>";
		};
		F45F193A2CFA27F000AE899E /* Products */ = {
			isa = PBXGroup;
			children = (
				F45F19392CFA27F000AE899E /* OOP Smart Home.app */,
				F45F194A2CFA27F300AE899E /* OOP Smart HomeTests.xctest */,
				F45F19542CFA27F300AE899E /* OOP Smart HomeUITests.xctest */,
			);
			name = Products;
			sourceTree = "<group>";
		};
		F45F193B2CFA27F000AE899E /* OOP Smart Home */ = {
			isa = PBXGroup;
			children = (
				F45F193C2CFA27F000AE899E /* OOP_Smart_HomeApp.swift */,
				F45F193E2CFA27F000AE899E /* ContentView.swift */,
				F45F19402CFA27F300AE899E /* Assets.xcassets */,
				F45F19422CFA27F300AE899E /* OOP_Smart_Home.entitlements */,
				F45F19672CFA280D00AE899E /* smartDevices.swift */,
				F45F19432CFA27F300AE899E /* Preview Content */,
			);
			path = "OOP Smart Home";
			sourceTree = "<group>";
		};
		F45F19432CFA27F300AE899E /* Preview Content */ = {
			isa = PBXGroup;
			children = (
				F45F19442CFA27F300AE899E /* Preview Assets.xcassets */,
			);
			path = "Preview Content";
			sourceTree = "<group>";
		};
		F45F194D2CFA27F300AE899E /* OOP Smart HomeTests */ = {
			isa = PBXGroup;
			children = (
				F45F194E2CFA27F300AE899E /* OOP_Smart_HomeTests.swift */,
			);
			path = "OOP Smart HomeTests";
			sourceTree = "<group>";
		};
		F45F19572CFA27F300AE899E /* OOP Smart HomeUITests */ = {
			isa = PBXGroup;
			children = (
				F45F19582CFA27F300AE899E /* OOP_Smart_HomeUITests.swift */,
				F45F195A2CFA27F300AE899E /* OOP_Smart_HomeUITestsLaunchTests.swift */,
			);
			path = "OOP Smart HomeUITests";
			sourceTree = "<group>";
		};
/* End PBXGroup section */

/* Begin PBXNativeTarget section */
		F45F19382CFA27F000AE899E /* OOP Smart Home */ = {
			isa = PBXNativeTarget;
			buildConfigurationList = F45F195E2CFA27F300AE899E /* Build configuration list for PBXNativeTarget "OOP Smart Home" */;
			buildPhases = (
				F45F19352CFA27F000AE899E /* Sources */,
				F45F19362CFA27F000AE899E /* Frameworks */,
				F45F19372CFA27F000AE899E /* Resources */,
			);
			buildRules = (
			);
			dependencies = (
			);
			name = "OOP Smart Home";
			productName = "OOP Smart Home";
			productReference = F45F19392CFA27F000AE899E /* OOP Smart Home.app */;
			productType = "com.apple.product-type.application";
		};
		F45F19492CFA27F300AE899E /* OOP Smart HomeTests */ = {
			isa = PBXNativeTarget;
			buildConfigurationList = F45F19612CFA27F300AE899E /* Build configuration list for PBXNativeTarget "OOP Smart HomeTests" */;
			buildPhases = (
				F45F19462CFA27F300AE899E /* Sources */,
				F45F19472CFA27F300AE899E /* Frameworks */,
				F45F19482CFA27F300AE899E /* Resources */,
			);
			buildRules = (
			);
			dependencies = (
				F45F194C2CFA27F300AE899E /* PBXTargetDependency */,
			);
			name = "OOP Smart HomeTests";
			productName = "OOP Smart HomeTests";
			productReference = F45F194A2CFA27F300AE899E /* OOP Smart HomeTests.xctest */;
			productType = "com.apple.product-type.bundle.unit-test";
		};
		F45F19532CFA27F300AE899E /* OOP Smart HomeUITests */ = {
			isa = PBXNativeTarget;
			buildConfigurationList = F45F19642CFA27F300AE899E /* Build configuration list for PBXNativeTarget "OOP Smart HomeUITests" */;
			buildPhases = (
				F45F19502CFA27F300AE899E /* Sources */,
				F45F19512CFA27F300AE899E /* Frameworks */,
				F45F19522CFA27F300AE899E /* Resources */,
			);
			buildRules = (
			);
			dependencies = (
				F45F19562CFA27F300AE899E /* PBXTargetDependency */,
			);
			name = "OOP Smart HomeUITests";
			productName = "OOP Smart HomeUITests";
			productReference = F45F19542CFA27F300AE899E /* OOP Smart HomeUITests.xctest */;
			productType = "com.apple.product-type.bundle.ui-testing";
		};
/* End PBXNativeTarget section */

/* Begin PBXProject section */
		F45F19312CFA27F000AE899E /* Project object */ = {
			isa = PBXProject;
			attributes = {
				BuildIndependentTargetsInParallel = 1;
				LastSwiftUpdateCheck = 1540;
				LastUpgradeCheck = 1540;
				TargetAttributes = {
					F45F19382CFA27F000AE899E = {
						CreatedOnToolsVersion = 15.4;
					};
					F45F19492CFA27F300AE899E = {
						CreatedOnToolsVersion = 15.4;
						TestTargetID = F45F19382CFA27F000AE899E;
					};
					F45F19532CFA27F300AE899E = {
						CreatedOnToolsVersion = 15.4;
						TestTargetID = F45F19382CFA27F000AE899E;
					};
				};
			};
			buildConfigurationList = F45F19342CFA27F000AE899E /* Build configuration list for PBXProject "OOP Smart Home" */;
			compatibilityVersion = "Xcode 14.0";
			developmentRegion = en;
			hasScannedForEncodings = 0;
			knownRegions = (
				en,
				Base,
			);
			mainGroup = F45F19302CFA27F000AE899E;
			productRefGroup = F45F193A2CFA27F000AE899E /* Products */;
			projectDirPath = "";
			projectRoot = "";
			targets = (
				F45F19382CFA27F000AE899E /* OOP Smart Home */,
				F45F19492CFA27F300AE899E /* OOP Smart HomeTests */,
				F45F19532CFA27F300AE899E /* OOP Smart HomeUITests */,
			);
		};
/* End PBXProject section */

/* Begin PBXResourcesBuildPhase section */
		F45F19372CFA27F000AE899E /* Resources */ = {
			isa = PBXResourcesBuildPhase;
			buildActionMask = 2147483647;
			files = (
				F45F19452CFA27F300AE899E /* Preview Assets.xcassets in Resources */,
				F45F19412CFA27F300AE899E /* Assets.xcassets in Resources */,
			);
			runOnlyForDeploymentPostprocessing = 0;
		};
		F45F19482CFA27F300AE899E /* Resources */ = {
			isa = PBXResourcesBuildPhase;
			buildActionMask = 2147483647;
			files = (
			);
			runOnlyForDeploymentPostprocessing = 0;
		};
		F45F19522CFA27F300AE899E /* Resources */ = {
			isa = PBXResourcesBuildPhase;
			buildActionMask = 2147483647;
			files = (
			);
			runOnlyForDeploymentPostprocessing = 0;
		};
/* End PBXResourcesBuildPhase section */

/* Begin PBXSourcesBuildPhase section */
		F45F19352CFA27F000AE899E /* Sources */ = {
			isa = PBXSourcesBuildPhase;
			buildActionMask = 2147483647;
			files = (
				F45F193F2CFA27F000AE899E /* ContentView.swift in Sources */,
				F45F193D2CFA27F000AE899E /* OOP_Smart_HomeApp.swift in Sources */,
				F45F19682CFA280D00AE899E /* smartDevices.swift in Sources */,
			);
			runOnlyForDeploymentPostprocessing = 0;
		};
		F45F19462CFA27F300AE899E /* Sources */ = {
			isa = PBXSourcesBuildPhase;
			buildActionMask = 2147483647;
			files = (
				F45F194F2CFA27F300AE899E /* OOP_Smart_HomeTests.swift in Sources */,
			);
			runOnlyForDeploymentPostprocessing = 0;
		};
		F45F19502CFA27F300AE899E /* Sources */ = {
			isa = PBXSourcesBuildPhase;
			buildActionMask = 2147483647;
			files = (
				F45F195B2CFA27F300AE899E /* OOP_Smart_HomeUITestsLaunchTests.swift in Sources */,
				F45F19592CFA27F300AE899E /* OOP_Smart_HomeUITests.swift in Sources */,
			);
			runOnlyForDeploymentPostprocessing = 0;
		};
/* End PBXSourcesBuildPhase section */

/* Begin PBXTargetDependency section */
		F45F194C2CFA27F300AE899E /* PBXTargetDependency */ = {
			isa = PBXTargetDependency;
			target = F45F19382CFA27F000AE899E /* OOP Smart Home */;
			targetProxy = F45F194B2CFA27F300AE899E /* PBXContainerItemProxy */;
		};
		F45F19562CFA27F300AE899E /* PBXTargetDependency */ = {
			isa = PBXTargetDependency;
			target = F45F19382CFA27F000AE899E /* OOP Smart Home */;
			targetProxy = F45F19552CFA27F300AE899E /* PBXContainerItemProxy */;
		};
/* End PBXTargetDependency section */

/* Begin XCBuildConfiguration section */
		F45F195C2CFA27F300AE899E /* Debug */ = {
			isa = XCBuildConfiguration;
			buildSettings = {
				ALWAYS_SEARCH_USER_PATHS = NO;
				ASSETCATALOG_COMPILER_GENERATE_SWIFT_ASSET_SYMBOL_EXTENSIONS = YES;
				CLANG_ANALYZER_NONNULL = YES;
				CLANG_ANALYZER_NUMBER_OBJECT_CONVERSION = YES_AGGRESSIVE;
				CLANG_CXX_LANGUAGE_STANDARD = "gnu++20";
				CLANG_ENABLE_MODULES = YES;
				CLANG_ENABLE_OBJC_ARC = YES;
				CLANG_ENABLE_OBJC_WEAK = YES;
				CLANG_WARN_BLOCK_CAPTURE_AUTORELEASING = YES;
				CLANG_WARN_BOOL_CONVERSION = YES;
				CLANG_WARN_COMMA = YES;
				CLANG_WARN_CONSTANT_CONVERSION = YES;
				CLANG_WARN_DEPRECATED_OBJC_IMPLEMENTATIONS = YES;
				CLANG_WARN_DIRECT_OBJC_ISA_USAGE = YES_ERROR;
				CLANG_WARN_DOCUMENTATION_COMMENTS = YES;
				CLANG_WARN_EMPTY_BODY = YES;
				CLANG_WARN_ENUM_CONVERSION = YES;
				CLANG_WARN_INFINITE_RECURSION = YES;
				CLANG_WARN_INT_CONVERSION = YES;
				CLANG_WARN_NON_LITERAL_NULL_CONVERSION = YES;
				CLANG_WARN_OBJC_IMPLICIT_RETAIN_SELF = YES;
				CLANG_WARN_OBJC_LITERAL_CONVERSION = YES;
				CLANG_WARN_OBJC_ROOT_CLASS = YES_ERROR;
				CLANG_WARN_QUOTED_INCLUDE_IN_FRAMEWORK_HEADER = YES;
				CLANG_WARN_RANGE_LOOP_ANALYSIS = YES;
				CLANG_WARN_STRICT_PROTOTYPES = YES;
				CLANG_WARN_SUSPICIOUS_MOVE = YES;
				CLANG_WARN_UNGUARDED_AVAILABILITY = YES_AGGRESSIVE;
				CLANG_WARN_UNREACHABLE_CODE = YES;
				CLANG_WARN__DUPLICATE_METHOD_MATCH = YES;
				COPY_PHASE_STRIP = NO;
				DEBUG_INFORMATION_FORMAT = dwarf;
				ENABLE_STRICT_OBJC_MSGSEND = YES;
				ENABLE_TESTABILITY = YES;
				ENABLE_USER_SCRIPT_SANDBOXING = YES;
				GCC_C_LANGUAGE_STANDARD = gnu17;
				GCC_DYNAMIC_NO_PIC = NO;
				GCC_NO_COMMON_BLOCKS = YES;
				GCC_OPTIMIZATION_LEVEL = 0;
				GCC_PREPROCESSOR_DEFINITIONS = (
					"DEBUG=1",
					"$(inherited)",
				);
				GCC_WARN_64_TO_32_BIT_CONVERSION = YES;
				GCC_WARN_ABOUT_RETURN_TYPE = YES_ERROR;
				GCC_WARN_UNDECLARED_SELECTOR = YES;
				GCC_WARN_UNINITIALIZED_AUTOS = YES_AGGRESSIVE;
				GCC_WARN_UNUSED_FUNCTION = YES;
				GCC_WARN_UNUSED_VARIABLE = YES;
				LOCALIZATION_PREFERS_STRING_CATALOGS = YES;
				MTL_ENABLE_DEBUG_INFO = INCLUDE_SOURCE;
				MTL_FAST_MATH = YES;
				ONLY_ACTIVE_ARCH = YES;
				SWIFT_ACTIVE_COMPILATION_CONDITIONS = "DEBUG $(inherited)";
				SWIFT_OPTIMIZATION_LEVEL = "-Onone";
			};
			name = Debug;
		};
		F45F195D2CFA27F300AE899E /* Release */ = {
			isa = XCBuildConfiguration;
			buildSettings = {
				ALWAYS_SEARCH_USER_PATHS = NO;
				ASSETCATALOG_COMPILER_GENERATE_SWIFT_ASSET_SYMBOL_EXTENSIONS = YES;
				CLANG_ANALYZER_NONNULL = YES;
				CLANG_ANALYZER_NUMBER_OBJECT_CONVERSION = YES_AGGRESSIVE;
				CLANG_CXX_LANGUAGE_STANDARD = "gnu++20";
				CLANG_ENABLE_MODULES = YES;
				CLANG_ENABLE_OBJC_ARC = YES;
				CLANG_ENABLE_OBJC_WEAK = YES;
				CLANG_WARN_BLOCK_CAPTURE_AUTORELEASING = YES;
				CLANG_WARN_BOOL_CONVERSION = YES;
				CLANG_WARN_COMMA = YES;
				CLANG_WARN_CONSTANT_CONVERSION = YES;
				CLANG_WARN_DEPRECATED_OBJC_IMPLEMENTATIONS = YES;
				CLANG_WARN_DIRECT_OBJC_ISA_USAGE = YES_ERROR;
				CLANG_WARN_DOCUMENTATION_COMMENTS = YES;
				CLANG_WARN_EMPTY_BODY = YES;
				CLANG_WARN_ENUM_CONVERSION = YES;
				CLANG_WARN_INFINITE_RECURSION = YES;
				CLANG_WARN_INT_CONVERSION = YES;
				CLANG_WARN_NON_LITERAL_NULL_CONVERSION = YES;
				CLANG_WARN_OBJC_IMPLICIT_RETAIN_SELF = YES;
				CLANG_WARN_OBJC_LITERAL_CONVERSION = YES;
				CLANG_WARN_OBJC_ROOT_CLASS = YES_ERROR;
				CLANG_WARN_QUOTED_INCLUDE_IN_FRAMEWORK_HEADER = YES;
				CLANG_WARN_RANGE_LOOP_ANALYSIS = YES;
				CLANG_WARN_STRICT_PROTOTYPES = YES;
				CLANG_WARN_SUSPICIOUS_MOVE = YES;
				CLANG_WARN_UNGUARDED_AVAILABILITY = YES_AGGRESSIVE;
				CLANG_WARN_UNREACHABLE_CODE = YES;
				CLANG_WARN__DUPLICATE_METHOD_MATCH = YES;
				COPY_PHASE_STRIP = NO;
				DEBUG_INFORMATION_FORMAT = "dwarf-with-dsym";
				ENABLE_NS_ASSERTIONS = NO;
				ENABLE_STRICT_OBJC_MSGSEND = YES;
				ENABLE_USER_SCRIPT_SANDBOXING = YES;
				GCC_C_LANGUAGE_STANDARD = gnu17;
				GCC_NO_COMMON_BLOCKS = YES;
				GCC_WARN_64_TO_32_BIT_CONVERSION = YES;
				GCC_WARN_ABOUT_RETURN_TYPE = YES_ERROR;
				GCC_WARN_UNDECLARED_SELECTOR = YES;
				GCC_WARN_UNINITIALIZED_AUTOS = YES_AGGRESSIVE;
				GCC_WARN_UNUSED_FUNCTION = YES;
				GCC_WARN_UNUSED_VARIABLE = YES;
				LOCALIZATION_PREFERS_STRING_CATALOGS = YES;
				MTL_ENABLE_DEBUG_INFO = NO;
				MTL_FAST_MATH = YES;
				SWIFT_COMPILATION_MODE = wholemodule;
			};
			name = Release;
		};
		F45F195F2CFA27F300AE899E /* Debug */ = {
			isa = XCBuildConfiguration;
			buildSettings = {
				ASSETCATALOG_COMPILER_APPICON_NAME = AppIcon;
				ASSETCATALOG_COMPILER_GLOBAL_ACCENT_COLOR_NAME = AccentColor;
				CODE_SIGN_ENTITLEMENTS = "OOP Smart Home/OOP_Smart_Home.entitlements";
				CODE_SIGN_STYLE = Automatic;
				CURRENT_PROJECT_VERSION = 1;
				DEVELOPMENT_ASSET_PATHS = "\"OOP Smart Home/Preview Content\"";
				ENABLE_PREVIEWS = YES;
				GENERATE_INFOPLIST_FILE = YES;
				"INFOPLIST_KEY_UIApplicationSceneManifest_Generation[sdk=iphoneos*]" = YES;
				"INFOPLIST_KEY_UIApplicationSceneManifest_Generation[sdk=iphonesimulator*]" = YES;
				"INFOPLIST_KEY_UIApplicationSupportsIndirectInputEvents[sdk=iphoneos*]" = YES;
				"INFOPLIST_KEY_UIApplicationSupportsIndirectInputEvents[sdk=iphonesimulator*]" = YES;
				"INFOPLIST_KEY_UILaunchScreen_Generation[sdk=iphoneos*]" = YES;
				"INFOPLIST_KEY_UILaunchScreen_Generation[sdk=iphonesimulator*]" = YES;
				"INFOPLIST_KEY_UIStatusBarStyle[sdk=iphoneos*]" = UIStatusBarStyleDefault;
				"INFOPLIST_KEY_UIStatusBarStyle[sdk=iphonesimulator*]" = UIStatusBarStyleDefault;
				INFOPLIST_KEY_UISupportedInterfaceOrientations_iPad = "UIInterfaceOrientationPortrait UIInterfaceOrientationPortraitUpsideDown UIInterfaceOrientationLandscapeLeft UIInterfaceOrientationLandscapeRight";
				INFOPLIST_KEY_UISupportedInterfaceOrientations_iPhone = "UIInterfaceOrientationPortrait UIInterfaceOrientationLandscapeLeft UIInterfaceOrientationLandscapeRight";
				IPHONEOS_DEPLOYMENT_TARGET = 17.5;
				LD_RUNPATH_SEARCH_PATHS = "@executable_path/Frameworks";
				"LD_RUNPATH_SEARCH_PATHS[sdk=macosx*]" = "@executable_path/../Frameworks";
				MACOSX_DEPLOYMENT_TARGET = 14.5;
				MARKETING_VERSION = 1.0;
				PRODUCT_BUNDLE_IDENTIFIER = "com.etoncollege.OOP-Smart-Home";
				PRODUCT_NAME = "$(TARGET_NAME)";
				SDKROOT = auto;
				SUPPORTED_PLATFORMS = "iphoneos iphonesimulator macosx";
				SWIFT_EMIT_LOC_STRINGS = YES;
				SWIFT_VERSION = 5.0;
				TARGETED_DEVICE_FAMILY = "1,2";
			};
			name = Debug;
		};
		F45F19602CFA27F300AE899E /* Release */ = {
			isa = XCBuildConfiguration;
			buildSettings = {
				ASSETCATALOG_COMPILER_APPICON_NAME = AppIcon;
				ASSETCATALOG_COMPILER_GLOBAL_ACCENT_COLOR_NAME = AccentColor;
				CODE_SIGN_ENTITLEMENTS = "OOP Smart Home/OOP_Smart_Home.entitlements";
				CODE_SIGN_STYLE = Automatic;
				CURRENT_PROJECT_VERSION = 1;
				DEVELOPMENT_ASSET_PATHS = "\"OOP Smart Home/Preview Content\"";
				ENABLE_PREVIEWS = YES;
				GENERATE_INFOPLIST_FILE = YES;
				"INFOPLIST_KEY_UIApplicationSceneManifest_Generation[sdk=iphoneos*]" = YES;
				"INFOPLIST_KEY_UIApplicationSceneManifest_Generation[sdk=iphonesimulator*]" = YES;
				"INFOPLIST_KEY_UIApplicationSupportsIndirectInputEvents[sdk=iphoneos*]" = YES;
				"INFOPLIST_KEY_UIApplicationSupportsIndirectInputEvents[sdk=iphonesimulator*]" = YES;
				"INFOPLIST_KEY_UILaunchScreen_Generation[sdk=iphoneos*]" = YES;
				"INFOPLIST_KEY_UILaunchScreen_Generation[sdk=iphonesimulator*]" = YES;
				"INFOPLIST_KEY_UIStatusBarStyle[sdk=iphoneos*]" = UIStatusBarStyleDefault;
				"INFOPLIST_KEY_UIStatusBarStyle[sdk=iphonesimulator*]" = UIStatusBarStyleDefault;
				INFOPLIST_KEY_UISupportedInterfaceOrientations_iPad = "UIInterfaceOrientationPortrait UIInterfaceOrientationPortraitUpsideDown UIInterfaceOrientationLandscapeLeft UIInterfaceOrientationLandscapeRight";
				INFOPLIST_KEY_UISupportedInterfaceOrientations_iPhone = "UIInterfaceOrientationPortrait UIInterfaceOrientationLandscapeLeft UIInterfaceOrientationLandscapeRight";
				IPHONEOS_DEPLOYMENT_TARGET = 17.5;
				LD_RUNPATH_SEARCH_PATHS = "@executable_path/Frameworks";
				"LD_RUNPATH_SEARCH_PATHS[sdk=macosx*]" = "@executable_path/../Frameworks";
				MACOSX_DEPLOYMENT_TARGET = 14.5;
				MARKETING_VERSION = 1.0;
				PRODUCT_BUNDLE_IDENTIFIER = "com.etoncollege.OOP-Smart-Home";
				PRODUCT_NAME = "$(TARGET_NAME)";
				SDKROOT = auto;
				SUPPORTED_PLATFORMS = "iphoneos iphonesimulator macosx";
				SWIFT_EMIT_LOC_STRINGS = YES;
				SWIFT_VERSION = 5.0;
				TARGETED_DEVICE_FAMILY = "1,2";
			};
			name = Release;
		};
		F45F19622CFA27F300AE899E /* Debug */ = {
			isa = XCBuildConfiguration;
			buildSettings = {
				ALWAYS_EMBED_SWIFT_STANDARD_LIBRARIES = YES;
				BUNDLE_LOADER = "$(TEST_HOST)";
				CODE_SIGN_STYLE = Automatic;
				CURRENT_PROJECT_VERSION = 1;
				GENERATE_INFOPLIST_FILE = YES;
				IPHONEOS_DEPLOYMENT_TARGET = 17.5;
				MACOSX_DEPLOYMENT_TARGET = 14.5;
				MARKETING_VERSION = 1.0;
				PRODUCT_BUNDLE_IDENTIFIER = "com.etoncollege.OOP-Smart-HomeTests";
				PRODUCT_NAME = "$(TARGET_NAME)";
				SDKROOT = auto;
				SUPPORTED_PLATFORMS = "iphoneos iphonesimulator macosx";
				SWIFT_EMIT_LOC_STRINGS = NO;
				SWIFT_VERSION = 5.0;
				TARGETED_DEVICE_FAMILY = "1,2";
				TEST_HOST = "$(BUILT_PRODUCTS_DIR)/OOP Smart Home.app/$(BUNDLE_EXECUTABLE_FOLDER_PATH)/OOP Smart Home";
			};
			name = Debug;
		};
		F45F19632CFA27F300AE899E /* Release */ = {
			isa = XCBuildConfiguration;
			buildSettings = {
				ALWAYS_EMBED_SWIFT_STANDARD_LIBRARIES = YES;
				BUNDLE_LOADER = "$(TEST_HOST)";
				CODE_SIGN_STYLE = Automatic;
				CURRENT_PROJECT_VERSION = 1;
				GENERATE_INFOPLIST_FILE = YES;
				IPHONEOS_DEPLOYMENT_TARGET = 17.5;
				MACOSX_DEPLOYMENT_TARGET = 14.5;
				MARKETING_VERSION = 1.0;
				PRODUCT_BUNDLE_IDENTIFIER = "com.etoncollege.OOP-Smart-HomeTests";
				PRODUCT_NAME = "$(TARGET_NAME)";
				SDKROOT = auto;
				SUPPORTED_PLATFORMS = "iphoneos iphonesimulator macosx";
				SWIFT_EMIT_LOC_STRINGS = NO;
				SWIFT_VERSION = 5.0;
				TARGETED_DEVICE_FAMILY = "1,2";
				TEST_HOST = "$(BUILT_PRODUCTS_DIR)/OOP Smart Home.app/$(BUNDLE_EXECUTABLE_FOLDER_PATH)/OOP Smart Home";
			};
			name = Release;
		};
		F45F19652CFA27F300AE899E /* Debug */ = {
			isa = XCBuildConfiguration;
			buildSettings = {
				ALWAYS_EMBED_SWIFT_STANDARD_LIBRARIES = YES;
				CODE_SIGN_STYLE = Automatic;
				CURRENT_PROJECT_VERSION = 1;
				GENERATE_INFOPLIST_FILE = YES;
				IPHONEOS_DEPLOYMENT_TARGET = 17.5;
				MACOSX_DEPLOYMENT_TARGET = 14.5;
				MARKETING_VERSION = 1.0;
				PRODUCT_BUNDLE_IDENTIFIER = "com.etoncollege.OOP-Smart-HomeUITests";
				PRODUCT_NAME = "$(TARGET_NAME)";
				SDKROOT = auto;
				SUPPORTED_PLATFORMS = "iphoneos iphonesimulator macosx";
				SWIFT_EMIT_LOC_STRINGS = NO;
				SWIFT_VERSION = 5.0;
				TARGETED_DEVICE_FAMILY = "1,2";
				TEST_TARGET_NAME = "OOP Smart Home";
			};
			name = Debug;
		};
		F45F19662CFA27F300AE899E /* Release */ = {
			isa = XCBuildConfiguration;
			buildSettings = {
				ALWAYS_EMBED_SWIFT_STANDARD_LIBRARIES = YES;
				CODE_SIGN_STYLE = Automatic;
				CURRENT_PROJECT_VERSION = 1;
				GENERATE_INFOPLIST_FILE = YES;
				IPHONEOS_DEPLOYMENT_TARGET = 17.5;
				MACOSX_DEPLOYMENT_TARGET = 14.5;
				MARKETING_VERSION = 1.0;
				PRODUCT_BUNDLE_IDENTIFIER = "com.etoncollege.OOP-Smart-HomeUITests";
				PRODUCT_NAME = "$(TARGET_NAME)";
				SDKROOT = auto;
				SUPPORTED_PLATFORMS = "iphoneos iphonesimulator macosx";
				SWIFT_EMIT_LOC_STRINGS = NO;
				SWIFT_VERSION = 5.0;
				TARGETED_DEVICE_FAMILY = "1,2";
				TEST_TARGET_NAME = "OOP Smart Home";
			};
			name = Release;
		};
/* End XCBuildConfiguration section */

/* Begin XCConfigurationList section */
		F45F19342CFA27F000AE899E /* Build configuration list for PBXProject "OOP Smart Home" */ = {
			isa = XCConfigurationList;
			buildConfigurations = (
				F45F195C2CFA27F300AE899E /* Debug */,
				F45F195D2CFA27F300AE899E /* Release */,
			);
			defaultConfigurationIsVisible = 0;
			defaultConfigurationName = Release;
		};
		F45F195E2CFA27F300AE899E /* Build configuration list for PBXNativeTarget "OOP Smart Home" */ = {
			isa = XCConfigurationList;
			buildConfigurations = (
				F45F195F2CFA27F300AE899E /* Debug */,
				F45F19602CFA27F300AE899E /* Release */,
			);
			defaultConfigurationIsVisible = 0;
			defaultConfigurationName = Release;
		};
		F45F19612CFA27F300AE899E /* Build configuration list for PBXNativeTarget "OOP Smart HomeTests" */ = {
			isa = XCConfigurationList;
			buildConfigurations = (
				F45F19622CFA27F300AE899E /* Debug */,
				F45F19632CFA27F300AE899E /* Release */,
			);
			defaultConfigurationIsVisible = 0;
			defaultConfigurationName = Release;
		};
		F45F19642CFA27F300AE899E /* Build configuration list for PBXNativeTarget "OOP Smart HomeUITests" */ = {
			isa = XCConfigurationList;
			buildConfigurations = (
				F45F19652CFA27F300AE899E /* Debug */,
				F45F19662CFA27F300AE899E /* Release */,
			);
			defaultConfigurationIsVisible = 0;
			defaultConfigurationName = Release;
		};
/* End XCConfigurationList section */
	};
	rootObject = F45F19312CFA27F000AE899E /* Project object */;
}
